
Microsoft Visual Studio Solution File, Format Version 12.00
# Visual Studio Version 16
VisualStudioVersion = 16.0.29503.13
MinimumVisualStudioVersion = 10.0.40219.1
Project("{FAE04EC0-301F-11D3-BF4B-00C04F79EFBC}") = "PlanetCalc", "PlanetCalc\PlanetCalc.csproj", "{925A9B59-DC76-439D-83CC-3A65821C2BA7}"
EndProject
Project("{FAE04EC0-301F-11D3-BF4B-00C04F79EFBC}") = "PlanetCalcTests", "PlanetCalcTests\PlanetCalcTests.csproj", "{383B846D-1E78-47D6-8049-9F09D6E221B7}"
EndProject
Global
	GlobalSection(SolutionConfigurationPlatforms) = preSolution
		Debug|Any CPU = Debug|Any CPU
		Release|Any CPU = Release|Any CPU
	EndGlobalSection
	GlobalSection(ProjectConfigurationPlatforms) = postSolution
		{925A9B59-DC76-439D-83CC-3A65821C2BA7}.Debug|Any CPU.ActiveCfg = Debug|Any CPU
		{925A9B59-DC76-439D-83CC-3A65821C2BA7}.Debug|Any CPU.Build.0 = Debug|Any CPU
		{925A9B59-DC76-439D-83CC-3A65821C2BA7}.Release|Any CPU.ActiveCfg = Release|Any CPU
		{925A9B59-DC76-439D-83CC-3A65821C2BA7}.Release|Any CPU.Build.0 = Release|Any CPU
		{383B846D-1E78-47D6-8049-9F09D6E221B7}.Debug|Any CPU.ActiveCfg = Debug|Any CPU
		{383B846D-1E78-47D6-8049-9F09D6E221B7}.Debug|Any CPU.Build.0 = Debug|Any CPU
		{383B846D-1E78-47D6-8049-9F09D6E221B7}.Release|Any CPU.ActiveCfg = Release|Any CPU
		{383B846D-1E78-47D6-8049-9F09D6E221B7}.Release|Any CPU.Build.0 = Release|Any CPU
	EndGlobalSection
	GlobalSection(SolutionProperties) = preSolution
		HideSolutionNode = FALSE
	EndGlobalSection
	GlobalSection(ExtensibilityGlobals) = postSolution
		SolutionGuid = {54174E97-EFED-4EB8-A3D5-470862B17B4E}
	EndGlobalSection
EndGlobal
